
Microsoft Visual Studio Solution File, Format Version 12.00
# Visual Studio Version 17
VisualStudioVersion = 17.14.36310.24 d17.14
MinimumVisualStudioVersion = 10.0.40219.1
Project("{FAE04EC0-301F-11D3-BF4B-00C04F79EFBC}") = "BookaNook", "BookaNook\BookaNook.csproj", "{C66624B5-C2ED-4B5D-8564-B726D6E8A332}"
EndProject
Project("{FAE04EC0-301F-11D3-BF4B-00C04F79EFBC}") = "BookaNook.Common", "BookaNook.Common\BookaNook.Common.csproj", "{2CF0A226-60E9-40B7-B810-7D6C66CCEE0F}"
EndProject
Project("{FAE04EC0-301F-11D3-BF4B-00C04F79EFBC}") = "BookaNook.Models", "BookaNook.Models\BookaNook.Models.csproj", "{80BDDC64-4281-45D1-95F4-8D78BED2A4DE}"
EndProject
Project("{FAE04EC0-301F-11D3-BF4B-00C04F79EFBC}") = "BookaNook.ViewModels", "BookaNook.ViewModels\BookaNook.ViewModels.csproj", "{BA2E3FD4-97DA-48B5-80DC-4CC893525DE8}"
EndProject
Global
	GlobalSection(SolutionConfigurationPlatforms) = preSolution
		Debug|Any CPU = Debug|Any CPU
		Release|Any CPU = Release|Any CPU
	EndGlobalSection
	GlobalSection(ProjectConfigurationPlatforms) = postSolution
		{C66624B5-C2ED-4B5D-8564-B726D6E8A332}.Debug|Any CPU.ActiveCfg = Debug|Any CPU
		{C66624B5-C2ED-4B5D-8564-B726D6E8A332}.Debug|Any CPU.Build.0 = Debug|Any CPU
		{C66624B5-C2ED-4B5D-8564-B726D6E8A332}.Debug|Any CPU.Deploy.0 = Debug|Any CPU
		{C66624B5-C2ED-4B5D-8564-B726D6E8A332}.Release|Any CPU.ActiveCfg = Release|Any CPU
		{C66624B5-C2ED-4B5D-8564-B726D6E8A332}.Release|Any CPU.Build.0 = Release|Any CPU
		{C66624B5-C2ED-4B5D-8564-B726D6E8A332}.Release|Any CPU.Deploy.0 = Release|Any CPU
		{2CF0A226-60E9-40B7-B810-7D6C66CCEE0F}.Debug|Any CPU.ActiveCfg = Debug|Any CPU
		{2CF0A226-60E9-40B7-B810-7D6C66CCEE0F}.Debug|Any CPU.Build.0 = Debug|Any CPU
		{2CF0A226-60E9-40B7-B810-7D6C66CCEE0F}.Release|Any CPU.ActiveCfg = Release|Any CPU
		{2CF0A226-60E9-40B7-B810-7D6C66CCEE0F}.Release|Any CPU.Build.0 = Release|Any CPU
		{80BDDC64-4281-45D1-95F4-8D78BED2A4DE}.Debug|Any CPU.ActiveCfg = Debug|Any CPU
		{80BDDC64-4281-45D1-95F4-8D78BED2A4DE}.Debug|Any CPU.Build.0 = Debug|Any CPU
		{80BDDC64-4281-45D1-95F4-8D78BED2A4DE}.Release|Any CPU.ActiveCfg = Release|Any CPU
		{80BDDC64-4281-45D1-95F4-8D78BED2A4DE}.Release|Any CPU.Build.0 = Release|Any CPU
		{BA2E3FD4-97DA-48B5-80DC-4CC893525DE8}.Debug|Any CPU.ActiveCfg = Debug|Any CPU
		{BA2E3FD4-97DA-48B5-80DC-4CC893525DE8}.Debug|Any CPU.Build.0 = Debug|Any CPU
		{BA2E3FD4-97DA-48B5-80DC-4CC893525DE8}.Release|Any CPU.ActiveCfg = Release|Any CPU
		{BA2E3FD4-97DA-48B5-80DC-4CC893525DE8}.Release|Any CPU.Build.0 = Release|Any CPU
	EndGlobalSection
	GlobalSection(SolutionProperties) = preSolution
		HideSolutionNode = FALSE
	EndGlobalSection
	GlobalSection(ExtensibilityGlobals) = postSolution
		SolutionGuid = {3D824DA0-A025-472B-9D11-D482B420543B}
	EndGlobalSection
EndGlobal
